// !$*UTF8*$!
{
	archiveVersion = 1;
	classes = {
	};
	objectVersion = 55;
	objects = {

/* Begin PBXBuildFile section */
		593408F82773500B00E0974E /* AppDelegate.swift in Sources */ = {isa = PBXBuildFile; fileRef = 593408F72773500B00E0974E /* AppDelegate.swift */; };
		593408FA2773500B00E0974E /* SceneDelegate.swift in Sources */ = {isa = PBXBuildFile; fileRef = 593408F92773500B00E0974E /* SceneDelegate.swift */; };
		593408FC2773500B00E0974E /* AuthViewController.swift in Sources */ = {isa = PBXBuildFile; fileRef = 593408FB2773500B00E0974E /* AuthViewController.swift */; };
		593409022773500B00E0974E /* CryptoApp.xcdatamodeld in Sources */ = {isa = PBXBuildFile; fileRef = 593409002773500B00E0974E /* CryptoApp.xcdatamodeld */; };
		593409042773500E00E0974E /* Assets.xcassets in Resources */ = {isa = PBXBuildFile; fileRef = 593409032773500E00E0974E /* Assets.xcassets */; };
		593409072773500E00E0974E /* LaunchScreen.storyboard in Resources */ = {isa = PBXBuildFile; fileRef = 593409052773500E00E0974E /* LaunchScreen.storyboard */; };
		5934090F2773515600E0974E /* CoreDataStack.swift in Sources */ = {isa = PBXBuildFile; fileRef = 5934090E2773515600E0974E /* CoreDataStack.swift */; };
		593409122773524F00E0974E /* AuthPresenter.swift in Sources */ = {isa = PBXBuildFile; fileRef = 593409112773524F00E0974E /* AuthPresenter.swift */; };
		593409142773525900E0974E /* AuthModel.swift in Sources */ = {isa = PBXBuildFile; fileRef = 593409132773525900E0974E /* AuthModel.swift */; };
		593409162773526200E0974E /* AuthView.swift in Sources */ = {isa = PBXBuildFile; fileRef = 593409152773526200E0974E /* AuthView.swift */; };
		593409182773527E00E0974E /* AuthAssembly.swift in Sources */ = {isa = PBXBuildFile; fileRef = 593409172773527E00E0974E /* AuthAssembly.swift */; };
		5934091A2773534C00E0974E /* AuthRouter.swift in Sources */ = {isa = PBXBuildFile; fileRef = 593409192773534C00E0974E /* AuthRouter.swift */; };
		5934091D2773809200E0974E /* ListModel.swift in Sources */ = {isa = PBXBuildFile; fileRef = 5934091C2773809200E0974E /* ListModel.swift */; };
		5934091F277380A000E0974E /* ListViewController.swift in Sources */ = {isa = PBXBuildFile; fileRef = 5934091E277380A000E0974E /* ListViewController.swift */; };
		59340921277380A900E0974E /* ListView.swift in Sources */ = {isa = PBXBuildFile; fileRef = 59340920277380A900E0974E /* ListView.swift */; };
		59340923277380B400E0974E /* ListPresenter.swift in Sources */ = {isa = PBXBuildFile; fileRef = 59340922277380B400E0974E /* ListPresenter.swift */; };
		59340925277380BF00E0974E /* ListAssembly.swift in Sources */ = {isa = PBXBuildFile; fileRef = 59340924277380BF00E0974E /* ListAssembly.swift */; };
		59340927277380C900E0974E /* ListRouter.swift in Sources */ = {isa = PBXBuildFile; fileRef = 59340926277380C900E0974E /* ListRouter.swift */; };
		593409292773811100E0974E /* ListTableView.swift in Sources */ = {isa = PBXBuildFile; fileRef = 593409282773811100E0974E /* ListTableView.swift */; };
		5934092B2773811D00E0974E /* ListTableViewCell.swift in Sources */ = {isa = PBXBuildFile; fileRef = 5934092A2773811D00E0974E /* ListTableViewCell.swift */; };
		5934092E27738DD900E0974E /* NetworkManager.swift in Sources */ = {isa = PBXBuildFile; fileRef = 5934092D27738DD900E0974E /* NetworkManager.swift */; };
		5934093827747E7D00E0974E /* User+CoreDataClass.swift in Sources */ = {isa = PBXBuildFile; fileRef = 5934093627747E7D00E0974E /* User+CoreDataClass.swift */; };
		5934093927747E7D00E0974E /* User+CoreDataProperties.swift in Sources */ = {isa = PBXBuildFile; fileRef = 5934093727747E7D00E0974E /* User+CoreDataProperties.swift */; };
		5934093B2774B56C00E0974E /* ModelDTO.swift in Sources */ = {isa = PBXBuildFile; fileRef = 5934093A2774B56B00E0974E /* ModelDTO.swift */; };
		5934093E2775CE4100E0974E /* DetailModel.swift in Sources */ = {isa = PBXBuildFile; fileRef = 5934093D2775CE4100E0974E /* DetailModel.swift */; };
		593409402775CE4E00E0974E /* DetailViewController.swift in Sources */ = {isa = PBXBuildFile; fileRef = 5934093F2775CE4E00E0974E /* DetailViewController.swift */; };
		593409422775CE5700E0974E /* DetailView.swift in Sources */ = {isa = PBXBuildFile; fileRef = 593409412775CE5700E0974E /* DetailView.swift */; };
		593409442775CE6200E0974E /* DetailPresenter.swift in Sources */ = {isa = PBXBuildFile; fileRef = 593409432775CE6200E0974E /* DetailPresenter.swift */; };
		593409462775CE6D00E0974E /* DetailAssembly.swift in Sources */ = {isa = PBXBuildFile; fileRef = 593409452775CE6D00E0974E /* DetailAssembly.swift */; };
		593409482775CE7600E0974E /* DetailRouter.swift in Sources */ = {isa = PBXBuildFile; fileRef = 593409472775CE7600E0974E /* DetailRouter.swift */; };
		5934094A2775D34900E0974E /* DetailModelDTO.swift in Sources */ = {isa = PBXBuildFile; fileRef = 593409492775D34900E0974E /* DetailModelDTO.swift */; };
/* End PBXBuildFile section */

/* Begin PBXFileReference section */
		593408F42773500B00E0974E /* CryptoApp.app */ = {isa = PBXFileReference; explicitFileType = wrapper.application; includeInIndex = 0; path = CryptoApp.app; sourceTree = BUILT_PRODUCTS_DIR; };
		593408F72773500B00E0974E /* AppDelegate.swift */ = {isa = PBXFileReference; lastKnownFileType = sourcecode.swift; path = AppDelegate.swift; sourceTree = "<group>"; };
		593408F92773500B00E0974E /* SceneDelegate.swift */ = {isa = PBXFileReference; lastKnownFileType = sourcecode.swift; path = SceneDelegate.swift; sourceTree = "<group>"; };
		593408FB2773500B00E0974E /* AuthViewController.swift */ = {isa = PBXFileReference; lastKnownFileType = sourcecode.swift; path = AuthViewController.swift; sourceTree = "<group>"; };
		593409012773500B00E0974E /* CryptoApp.xcdatamodel */ = {isa = PBXFileReference; lastKnownFileType = wrapper.xcdatamodel; path = CryptoApp.xcdatamodel; sourceTree = "<group>"; };
		593409032773500E00E0974E /* Assets.xcassets */ = {isa = PBXFileReference; lastKnownFileType = folder.assetcatalog; path = Assets.xcassets; sourceTree = "<group>"; };
		593409062773500E00E0974E /* Base */ = {isa = PBXFileReference; lastKnownFileType = file.storyboard; name = Base; path = Base.lproj/LaunchScreen.storyboard; sourceTree = "<group>"; };
		593409082773500E00E0974E /* Info.plist */ = {isa = PBXFileReference; lastKnownFileType = text.plist.xml; path = Info.plist; sourceTree = "<group>"; };
		5934090E2773515600E0974E /* CoreDataStack.swift */ = {isa = PBXFileReference; lastKnownFileType = sourcecode.swift; path = CoreDataStack.swift; sourceTree = "<group>"; };
		593409112773524F00E0974E /* AuthPresenter.swift */ = {isa = PBXFileReference; lastKnownFileType = sourcecode.swift; path = AuthPresenter.swift; sourceTree = "<group>"; };
		593409132773525900E0974E /* AuthModel.swift */ = {isa = PBXFileReference; lastKnownFileType = sourcecode.swift; path = AuthModel.swift; sourceTree = "<group>"; };
		593409152773526200E0974E /* AuthView.swift */ = {isa = PBXFileReference; lastKnownFileType = sourcecode.swift; path = AuthView.swift; sourceTree = "<group>"; };
		593409172773527E00E0974E /* AuthAssembly.swift */ = {isa = PBXFileReference; lastKnownFileType = sourcecode.swift; path = AuthAssembly.swift; sourceTree = "<group>"; };
		593409192773534C00E0974E /* AuthRouter.swift */ = {isa = PBXFileReference; lastKnownFileType = sourcecode.swift; path = AuthRouter.swift; sourceTree = "<group>"; };
		5934091C2773809200E0974E /* ListModel.swift */ = {isa = PBXFileReference; lastKnownFileType = sourcecode.swift; path = ListModel.swift; sourceTree = "<group>"; };
		5934091E277380A000E0974E /* ListViewController.swift */ = {isa = PBXFileReference; lastKnownFileType = sourcecode.swift; path = ListViewController.swift; sourceTree = "<group>"; };
		59340920277380A900E0974E /* ListView.swift */ = {isa = PBXFileReference; lastKnownFileType = sourcecode.swift; path = ListView.swift; sourceTree = "<group>"; };
		59340922277380B400E0974E /* ListPresenter.swift */ = {isa = PBXFileReference; lastKnownFileType = sourcecode.swift; path = ListPresenter.swift; sourceTree = "<group>"; };
		59340924277380BF00E0974E /* ListAssembly.swift */ = {isa = PBXFileReference; lastKnownFileType = sourcecode.swift; path = ListAssembly.swift; sourceTree = "<group>"; };
		59340926277380C900E0974E /* ListRouter.swift */ = {isa = PBXFileReference; lastKnownFileType = sourcecode.swift; path = ListRouter.swift; sourceTree = "<group>"; };
		593409282773811100E0974E /* ListTableView.swift */ = {isa = PBXFileReference; lastKnownFileType = sourcecode.swift; path = ListTableView.swift; sourceTree = "<group>"; };
		5934092A2773811D00E0974E /* ListTableViewCell.swift */ = {isa = PBXFileReference; lastKnownFileType = sourcecode.swift; path = ListTableViewCell.swift; sourceTree = "<group>"; };
		5934092D27738DD900E0974E /* NetworkManager.swift */ = {isa = PBXFileReference; lastKnownFileType = sourcecode.swift; path = NetworkManager.swift; sourceTree = "<group>"; };
		5934093627747E7D00E0974E /* User+CoreDataClass.swift */ = {isa = PBXFileReference; lastKnownFileType = sourcecode.swift; path = "User+CoreDataClass.swift"; sourceTree = "<group>"; };
		5934093727747E7D00E0974E /* User+CoreDataProperties.swift */ = {isa = PBXFileReference; lastKnownFileType = sourcecode.swift; path = "User+CoreDataProperties.swift"; sourceTree = "<group>"; };
		5934093A2774B56B00E0974E /* ModelDTO.swift */ = {isa = PBXFileReference; lastKnownFileType = sourcecode.swift; path = ModelDTO.swift; sourceTree = "<group>"; };
		5934093D2775CE4100E0974E /* DetailModel.swift */ = {isa = PBXFileReference; lastKnownFileType = sourcecode.swift; path = DetailModel.swift; sourceTree = "<group>"; };
		5934093F2775CE4E00E0974E /* DetailViewController.swift */ = {isa = PBXFileReference; lastKnownFileType = sourcecode.swift; path = DetailViewController.swift; sourceTree = "<group>"; };
		593409412775CE5700E0974E /* DetailView.swift */ = {isa = PBXFileReference; lastKnownFileType = sourcecode.swift; path = DetailView.swift; sourceTree = "<group>"; };
		593409432775CE6200E0974E /* DetailPresenter.swift */ = {isa = PBXFileReference; lastKnownFileType = sourcecode.swift; path = DetailPresenter.swift; sourceTree = "<group>"; };
		593409452775CE6D00E0974E /* DetailAssembly.swift */ = {isa = PBXFileReference; lastKnownFileType = sourcecode.swift; path = DetailAssembly.swift; sourceTree = "<group>"; };
		593409472775CE7600E0974E /* DetailRouter.swift */ = {isa = PBXFileReference; lastKnownFileType = sourcecode.swift; path = DetailRouter.swift; sourceTree = "<group>"; };
		593409492775D34900E0974E /* DetailModelDTO.swift */ = {isa = PBXFileReference; lastKnownFileType = sourcecode.swift; path = DetailModelDTO.swift; sourceTree = "<group>"; };
/* End PBXFileReference section */

/* Begin PBXFrameworksBuildPhase section */
		593408F12773500B00E0974E /* Frameworks */ = {
			isa = PBXFrameworksBuildPhase;
			buildActionMask = 2147483647;
			files = (
			);
			runOnlyForDeploymentPostprocessing = 0;
		};
/* End PBXFrameworksBuildPhase section */

/* Begin PBXGroup section */
		593408EB2773500B00E0974E = {
			isa = PBXGroup;
			children = (
				593408F62773500B00E0974E /* CryptoApp */,
				593408F52773500B00E0974E /* Products */,
			);
			sourceTree = "<group>";
		};
		593408F52773500B00E0974E /* Products */ = {
			isa = PBXGroup;
			children = (
				593408F42773500B00E0974E /* CryptoApp.app */,
			);
			name = Products;
			sourceTree = "<group>";
		};
		593408F62773500B00E0974E /* CryptoApp */ = {
			isa = PBXGroup;
			children = (
				593408F72773500B00E0974E /* AppDelegate.swift */,
				593408F92773500B00E0974E /* SceneDelegate.swift */,
				5934092D27738DD900E0974E /* NetworkManager.swift */,
				5934092F2773907C00E0974E /* CoreData */,
				593409102773521900E0974E /* AuthModule */,
				5934091B2773801900E0974E /* ListModule */,
				5934093C2775CDF000E0974E /* DetailModule */,
				593409032773500E00E0974E /* Assets.xcassets */,
				593409052773500E00E0974E /* LaunchScreen.storyboard */,
				593409082773500E00E0974E /* Info.plist */,
			);
			path = CryptoApp;
			sourceTree = "<group>";
		};
		593409102773521900E0974E /* AuthModule */ = {
			isa = PBXGroup;
			children = (
				593409132773525900E0974E /* AuthModel.swift */,
				593409152773526200E0974E /* AuthView.swift */,
				593408FB2773500B00E0974E /* AuthViewController.swift */,
				593409112773524F00E0974E /* AuthPresenter.swift */,
				593409172773527E00E0974E /* AuthAssembly.swift */,
				593409192773534C00E0974E /* AuthRouter.swift */,
			);
			path = AuthModule;
			sourceTree = "<group>";
		};
		5934091B2773801900E0974E /* ListModule */ = {
			isa = PBXGroup;
			children = (
				5934091C2773809200E0974E /* ListModel.swift */,
				5934093A2774B56B00E0974E /* ModelDTO.swift */,
				5934092C2773870C00E0974E /* View */,
				59340922277380B400E0974E /* ListPresenter.swift */,
				59340924277380BF00E0974E /* ListAssembly.swift */,
				59340926277380C900E0974E /* ListRouter.swift */,
			);
			path = ListModule;
			sourceTree = "<group>";
		};
		5934092C2773870C00E0974E /* View */ = {
			isa = PBXGroup;
			children = (
				59340920277380A900E0974E /* ListView.swift */,
				593409282773811100E0974E /* ListTableView.swift */,
				5934092A2773811D00E0974E /* ListTableViewCell.swift */,
				5934091E277380A000E0974E /* ListViewController.swift */,
			);
			path = View;
			sourceTree = "<group>";
		};
		5934092F2773907C00E0974E /* CoreData */ = {
			isa = PBXGroup;
			children = (
				593409002773500B00E0974E /* CryptoApp.xcdatamodeld */,
				5934090E2773515600E0974E /* CoreDataStack.swift */,
				5934093727747E7D00E0974E /* User+CoreDataProperties.swift */,
				5934093627747E7D00E0974E /* User+CoreDataClass.swift */,
			);
			path = CoreData;
			sourceTree = "<group>";
		};
		5934093C2775CDF000E0974E /* DetailModule */ = {
			isa = PBXGroup;
			children = (
				5934094B27760AF800E0974E /* Model */,
				5934094C27760B0300E0974E /* View */,
				593409432775CE6200E0974E /* DetailPresenter.swift */,
				593409452775CE6D00E0974E /* DetailAssembly.swift */,
				593409472775CE7600E0974E /* DetailRouter.swift */,
			);
			path = DetailModule;
			sourceTree = "<group>";
		};
		5934094B27760AF800E0974E /* Model */ = {
			isa = PBXGroup;
			children = (
				5934093D2775CE4100E0974E /* DetailModel.swift */,
				593409492775D34900E0974E /* DetailModelDTO.swift */,
			);
			path = Model;
			sourceTree = "<group>";
		};
		5934094C27760B0300E0974E /* View */ = {
			isa = PBXGroup;
			children = (
				5934093F2775CE4E00E0974E /* DetailViewController.swift */,
				593409412775CE5700E0974E /* DetailView.swift */,
			);
			path = View;
			sourceTree = "<group>";
		};
/* End PBXGroup section */

/* Begin PBXNativeTarget section */
		593408F32773500B00E0974E /* CryptoApp */ = {
			isa = PBXNativeTarget;
			buildConfigurationList = 5934090B2773500E00E0974E /* Build configuration list for PBXNativeTarget "CryptoApp" */;
			buildPhases = (
				593408F02773500B00E0974E /* Sources */,
				593408F12773500B00E0974E /* Frameworks */,
				593408F22773500B00E0974E /* Resources */,
			);
			buildRules = (
			);
			dependencies = (
			);
			name = CryptoApp;
			productName = CryptoApp;
			productReference = 593408F42773500B00E0974E /* CryptoApp.app */;
			productType = "com.apple.product-type.application";
		};
/* End PBXNativeTarget section */

/* Begin PBXProject section */
		593408EC2773500B00E0974E /* Project object */ = {
			isa = PBXProject;
			attributes = {
				BuildIndependentTargetsInParallel = 1;
				LastSwiftUpdateCheck = 1310;
				LastUpgradeCheck = 1310;
				TargetAttributes = {
					593408F32773500B00E0974E = {
						CreatedOnToolsVersion = 13.1;
					};
				};
			};
			buildConfigurationList = 593408EF2773500B00E0974E /* Build configuration list for PBXProject "CryptoApp" */;
			compatibilityVersion = "Xcode 13.0";
			developmentRegion = en;
			hasScannedForEncodings = 0;
			knownRegions = (
				en,
				Base,
			);
			mainGroup = 593408EB2773500B00E0974E;
			productRefGroup = 593408F52773500B00E0974E /* Products */;
			projectDirPath = "";
			projectRoot = "";
			targets = (
				593408F32773500B00E0974E /* CryptoApp */,
			);
		};
/* End PBXProject section */

/* Begin PBXResourcesBuildPhase section */
		593408F22773500B00E0974E /* Resources */ = {
			isa = PBXResourcesBuildPhase;
			buildActionMask = 2147483647;
			files = (
				593409072773500E00E0974E /* LaunchScreen.storyboard in Resources */,
				593409042773500E00E0974E /* Assets.xcassets in Resources */,
			);
			runOnlyForDeploymentPostprocessing = 0;
		};
/* End PBXResourcesBuildPhase section */

/* Begin PBXSourcesBuildPhase section */
		593408F02773500B00E0974E /* Sources */ = {
			isa = PBXSourcesBuildPhase;
			buildActionMask = 2147483647;
			files = (
				5934092E27738DD900E0974E /* NetworkManager.swift in Sources */,
				59340923277380B400E0974E /* ListPresenter.swift in Sources */,
				5934090F2773515600E0974E /* CoreDataStack.swift in Sources */,
				59340925277380BF00E0974E /* ListAssembly.swift in Sources */,
				5934093E2775CE4100E0974E /* DetailModel.swift in Sources */,
				593409482775CE7600E0974E /* DetailRouter.swift in Sources */,
				593409292773811100E0974E /* ListTableView.swift in Sources */,
				59340921277380A900E0974E /* ListView.swift in Sources */,
				5934092B2773811D00E0974E /* ListTableViewCell.swift in Sources */,
				593409422775CE5700E0974E /* DetailView.swift in Sources */,
				593409022773500B00E0974E /* CryptoApp.xcdatamodeld in Sources */,
				5934091F277380A000E0974E /* ListViewController.swift in Sources */,
				5934091A2773534C00E0974E /* AuthRouter.swift in Sources */,
				593409142773525900E0974E /* AuthModel.swift in Sources */,
				59340927277380C900E0974E /* ListRouter.swift in Sources */,
				593409182773527E00E0974E /* AuthAssembly.swift in Sources */,
				593408FC2773500B00E0974E /* AuthViewController.swift in Sources */,
				593409402775CE4E00E0974E /* DetailViewController.swift in Sources */,
				5934093827747E7D00E0974E /* User+CoreDataClass.swift in Sources */,
				593408F82773500B00E0974E /* AppDelegate.swift in Sources */,
				593409122773524F00E0974E /* AuthPresenter.swift in Sources */,
				5934093B2774B56C00E0974E /* ModelDTO.swift in Sources */,
				5934094A2775D34900E0974E /* DetailModelDTO.swift in Sources */,
				5934093927747E7D00E0974E /* User+CoreDataProperties.swift in Sources */,
				593409162773526200E0974E /* AuthView.swift in Sources */,
				593409442775CE6200E0974E /* DetailPresenter.swift in Sources */,
				5934091D2773809200E0974E /* ListModel.swift in Sources */,
				593409462775CE6D00E0974E /* DetailAssembly.swift in Sources */,
				593408FA2773500B00E0974E /* SceneDelegate.swift in Sources */,
			);
			runOnlyForDeploymentPostprocessing = 0;
		};
/* End PBXSourcesBuildPhase section */

/* Begin PBXVariantGroup section */
		593409052773500E00E0974E /* LaunchScreen.storyboard */ = {
			isa = PBXVariantGroup;
			children = (
				593409062773500E00E0974E /* Base */,
			);
			name = LaunchScreen.storyboard;
			sourceTree = "<group>";
		};
/* End PBXVariantGroup section */

/* Begin XCBuildConfiguration section */
		593409092773500E00E0974E /* Debug */ = {
			isa = XCBuildConfiguration;
			buildSettings = {
				ALWAYS_SEARCH_USER_PATHS = NO;
				CLANG_ANALYZER_NONNULL = YES;
				CLANG_ANALYZER_NUMBER_OBJECT_CONVERSION = YES_AGGRESSIVE;
				CLANG_CXX_LANGUAGE_STANDARD = "gnu++17";
				CLANG_CXX_LIBRARY = "libc++";
				CLANG_ENABLE_MODULES = YES;
				CLANG_ENABLE_OBJC_ARC = YES;
				CLANG_ENABLE_OBJC_WEAK = YES;
				CLANG_WARN_BLOCK_CAPTURE_AUTORELEASING = YES;
				CLANG_WARN_BOOL_CONVERSION = YES;
				CLANG_WARN_COMMA = YES;
				CLANG_WARN_CONSTANT_CONVERSION = YES;
				CLANG_WARN_DEPRECATED_OBJC_IMPLEMENTATIONS = YES;
				CLANG_WARN_DIRECT_OBJC_ISA_USAGE = YES_ERROR;
				CLANG_WARN_DOCUMENTATION_COMMENTS = YES;
				CLANG_WARN_EMPTY_BODY = YES;
				CLANG_WARN_ENUM_CONVERSION = YES;
				CLANG_WARN_INFINITE_RECURSION = YES;
				CLANG_WARN_INT_CONVERSION = YES;
				CLANG_WARN_NON_LITERAL_NULL_CONVERSION = YES;
				CLANG_WARN_OBJC_IMPLICIT_RETAIN_SELF = YES;
				CLANG_WARN_OBJC_LITERAL_CONVERSION = YES;
				CLANG_WARN_OBJC_ROOT_CLASS = YES_ERROR;
				CLANG_WARN_QUOTED_INCLUDE_IN_FRAMEWORK_HEADER = YES;
				CLANG_WARN_RANGE_LOOP_ANALYSIS = YES;
				CLANG_WARN_STRICT_PROTOTYPES = YES;
				CLANG_WARN_SUSPICIOUS_MOVE = YES;
				CLANG_WARN_UNGUARDED_AVAILABILITY = YES_AGGRESSIVE;
				CLANG_WARN_UNREACHABLE_CODE = YES;
				CLANG_WARN__DUPLICATE_METHOD_MATCH = YES;
				COPY_PHASE_STRIP = NO;
				DEBUG_INFORMATION_FORMAT = dwarf;
				ENABLE_STRICT_OBJC_MSGSEND = YES;
				ENABLE_TESTABILITY = YES;
				GCC_C_LANGUAGE_STANDARD = gnu11;
				GCC_DYNAMIC_NO_PIC = NO;
				GCC_NO_COMMON_BLOCKS = YES;
				GCC_OPTIMIZATION_LEVEL = 0;
				GCC_PREPROCESSOR_DEFINITIONS = (
					"DEBUG=1",
					"$(inherited)",
				);
				GCC_WARN_64_TO_32_BIT_CONVERSION = YES;
				GCC_WARN_ABOUT_RETURN_TYPE = YES_ERROR;
				GCC_WARN_UNDECLARED_SELECTOR = YES;
				GCC_WARN_UNINITIALIZED_AUTOS = YES_AGGRESSIVE;
				GCC_WARN_UNUSED_FUNCTION = YES;
				GCC_WARN_UNUSED_VARIABLE = YES;
				IPHONEOS_DEPLOYMENT_TARGET = 15.0;
				MTL_ENABLE_DEBUG_INFO = INCLUDE_SOURCE;
				MTL_FAST_MATH = YES;
				ONLY_ACTIVE_ARCH = YES;
				SDKROOT = iphoneos;
				SWIFT_ACTIVE_COMPILATION_CONDITIONS = DEBUG;
				SWIFT_OPTIMIZATION_LEVEL = "-Onone";
			};
			name = Debug;
		};
		5934090A2773500E00E0974E /* Release */ = {
			isa = XCBuildConfiguration;
			buildSettings = {
				ALWAYS_SEARCH_USER_PATHS = NO;
				CLANG_ANALYZER_NONNULL = YES;
				CLANG_ANALYZER_NUMBER_OBJECT_CONVERSION = YES_AGGRESSIVE;
				CLANG_CXX_LANGUAGE_STANDARD = "gnu++17";
				CLANG_CXX_LIBRARY = "libc++";
				CLANG_ENABLE_MODULES = YES;
				CLANG_ENABLE_OBJC_ARC = YES;
				CLANG_ENABLE_OBJC_WEAK = YES;
				CLANG_WARN_BLOCK_CAPTURE_AUTORELEASING = YES;
				CLANG_WARN_BOOL_CONVERSION = YES;
				CLANG_WARN_COMMA = YES;
				CLANG_WARN_CONSTANT_CONVERSION = YES;
				CLANG_WARN_DEPRECATED_OBJC_IMPLEMENTATIONS = YES;
				CLANG_WARN_DIRECT_OBJC_ISA_USAGE = YES_ERROR;
				CLANG_WARN_DOCUMENTATION_COMMENTS = YES;
				CLANG_WARN_EMPTY_BODY = YES;
				CLANG_WARN_ENUM_CONVERSION = YES;
				CLANG_WARN_INFINITE_RECURSION = YES;
				CLANG_WARN_INT_CONVERSION = YES;
				CLANG_WARN_NON_LITERAL_NULL_CONVERSION = YES;
				CLANG_WARN_OBJC_IMPLICIT_RETAIN_SELF = YES;
				CLANG_WARN_OBJC_LITERAL_CONVERSION = YES;
				CLANG_WARN_OBJC_ROOT_CLASS = YES_ERROR;
				CLANG_WARN_QUOTED_INCLUDE_IN_FRAMEWORK_HEADER = YES;
				CLANG_WARN_RANGE_LOOP_ANALYSIS = YES;
				CLANG_WARN_STRICT_PROTOTYPES = YES;
				CLANG_WARN_SUSPICIOUS_MOVE = YES;
				CLANG_WARN_UNGUARDED_AVAILABILITY = YES_AGGRESSIVE;
				CLANG_WARN_UNREACHABLE_CODE = YES;
				CLANG_WARN__DUPLICATE_METHOD_MATCH = YES;
				COPY_PHASE_STRIP = NO;
				DEBUG_INFORMATION_FORMAT = "dwarf-with-dsym";
				ENABLE_NS_ASSERTIONS = NO;
				ENABLE_STRICT_OBJC_MSGSEND = YES;
				GCC_C_LANGUAGE_STANDARD = gnu11;
				GCC_NO_COMMON_BLOCKS = YES;
				GCC_WARN_64_TO_32_BIT_CONVERSION = YES;
				GCC_WARN_ABOUT_RETURN_TYPE = YES_ERROR;
				GCC_WARN_UNDECLARED_SELECTOR = YES;
				GCC_WARN_UNINITIALIZED_AUTOS = YES_AGGRESSIVE;
				GCC_WARN_UNUSED_FUNCTION = YES;
				GCC_WARN_UNUSED_VARIABLE = YES;
				IPHONEOS_DEPLOYMENT_TARGET = 15.0;
				MTL_ENABLE_DEBUG_INFO = NO;
				MTL_FAST_MATH = YES;
				SDKROOT = iphoneos;
				SWIFT_COMPILATION_MODE = wholemodule;
				SWIFT_OPTIMIZATION_LEVEL = "-O";
				VALIDATE_PRODUCT = YES;
			};
			name = Release;
		};
		5934090C2773500E00E0974E /* Debug */ = {
			isa = XCBuildConfiguration;
			buildSettings = {
				ASSETCATALOG_COMPILER_APPICON_NAME = AppIcon;
				ASSETCATALOG_COMPILER_GLOBAL_ACCENT_COLOR_NAME = AccentColor;
				CODE_SIGN_STYLE = Automatic;
				CURRENT_PROJECT_VERSION = 1;
				DEVELOPMENT_TEAM = 6924K5V5X2;
				GENERATE_INFOPLIST_FILE = YES;
				INFOPLIST_FILE = CryptoApp/Info.plist;
				INFOPLIST_KEY_UIApplicationSupportsIndirectInputEvents = YES;
				INFOPLIST_KEY_UILaunchStoryboardName = LaunchScreen;
				INFOPLIST_KEY_UISupportedInterfaceOrientations_iPhone = UIInterfaceOrientationPortrait;
				LD_RUNPATH_SEARCH_PATHS = (
					"$(inherited)",
					"@executable_path/Frameworks",
				);
				MARKETING_VERSION = 1.0;
				PRODUCT_BUNDLE_IDENTIFIER = OlesyaEgorova.CryptoApp;
				PRODUCT_NAME = "$(TARGET_NAME)";
				SWIFT_EMIT_LOC_STRINGS = YES;
				SWIFT_VERSION = 5.0;
				TARGETED_DEVICE_FAMILY = 1;
			};
			name = Debug;
		};
		5934090D2773500E00E0974E /* Release */ = {
			isa = XCBuildConfiguration;
			buildSettings = {
				ASSETCATALOG_COMPILER_APPICON_NAME = AppIcon;
				ASSETCATALOG_COMPILER_GLOBAL_ACCENT_COLOR_NAME = AccentColor;
				CODE_SIGN_STYLE = Automatic;
				CURRENT_PROJECT_VERSION = 1;
				DEVELOPMENT_TEAM = 6924K5V5X2;
				GENERATE_INFOPLIST_FILE = YES;
				INFOPLIST_FILE = CryptoApp/Info.plist;
				INFOPLIST_KEY_UIApplicationSupportsIndirectInputEvents = YES;
				INFOPLIST_KEY_UILaunchStoryboardName = LaunchScreen;
				INFOPLIST_KEY_UISupportedInterfaceOrientations_iPhone = UIInterfaceOrientationPortrait;
				LD_RUNPATH_SEARCH_PATHS = (
					"$(inherited)",
					"@executable_path/Frameworks",
				);
				MARKETING_VERSION = 1.0;
				PRODUCT_BUNDLE_IDENTIFIER = OlesyaEgorova.CryptoApp;
				PRODUCT_NAME = "$(TARGET_NAME)";
				SWIFT_EMIT_LOC_STRINGS = YES;
				SWIFT_VERSION = 5.0;
				TARGETED_DEVICE_FAMILY = 1;
			};
			name = Release;
		};
/* End XCBuildConfiguration section */

/* Begin XCConfigurationList section */
		593408EF2773500B00E0974E /* Build configuration list for PBXProject "CryptoApp" */ = {
			isa = XCConfigurationList;
			buildConfigurations = (
				593409092773500E00E0974E /* Debug */,
				5934090A2773500E00E0974E /* Release */,
			);
			defaultConfigurationIsVisible = 0;
			defaultConfigurationName = Release;
		};
		5934090B2773500E00E0974E /* Build configuration list for PBXNativeTarget "CryptoApp" */ = {
			isa = XCConfigurationList;
			buildConfigurations = (
				5934090C2773500E00E0974E /* Debug */,
				5934090D2773500E00E0974E /* Release */,
			);
			defaultConfigurationIsVisible = 0;
			defaultConfigurationName = Release;
		};
/* End XCConfigurationList section */

/* Begin XCVersionGroup section */
		593409002773500B00E0974E /* CryptoApp.xcdatamodeld */ = {
			isa = XCVersionGroup;
			children = (
				593409012773500B00E0974E /* CryptoApp.xcdatamodel */,
			);
			currentVersion = 593409012773500B00E0974E /* CryptoApp.xcdatamodel */;
			path = CryptoApp.xcdatamodeld;
			sourceTree = "<group>";
			versionGroupType = wrapper.xcdatamodel;
		};
/* End XCVersionGroup section */
	};
	rootObject = 593408EC2773500B00E0974E /* Project object */;
}
